// !$*UTF8*$!
{
	archiveVersion = 1;
	classes = {
	};
	objectVersion = 50;
	objects = {

/* Begin PBXBuildFile section */
		2C0BD3F823C3FE48008D96B1 /* Caudex-Bold.ttf in Resources */ = {isa = PBXBuildFile; fileRef = 2C0BD3F423C3FE3B008D96B1 /* Caudex-Bold.ttf */; };
		2C0BD3F923C3FE4D008D96B1 /* Caudex-BoldItalic.ttf in Resources */ = {isa = PBXBuildFile; fileRef = 2C0BD3F723C3FE3C008D96B1 /* Caudex-BoldItalic.ttf */; };
		2C0BD3FA23C3FE50008D96B1 /* Caudex-Italic.ttf in Resources */ = {isa = PBXBuildFile; fileRef = 2C0BD3F523C3FE3C008D96B1 /* Caudex-Italic.ttf */; };
		2C0BD3FB23C3FE54008D96B1 /* Caudex-Regular.ttf in Resources */ = {isa = PBXBuildFile; fileRef = 2C0BD3F623C3FE3C008D96B1 /* Caudex-Regular.ttf */; };
		2CACC37F23C3AA660091B6BE /* AppDelegate.swift in Sources */ = {isa = PBXBuildFile; fileRef = 2CACC37E23C3AA660091B6BE /* AppDelegate.swift */; };
		2CACC38123C3AA660091B6BE /* SceneDelegate.swift in Sources */ = {isa = PBXBuildFile; fileRef = 2CACC38023C3AA660091B6BE /* SceneDelegate.swift */; };
		2CACC38623C3AA660091B6BE /* Main.storyboard in Resources */ = {isa = PBXBuildFile; fileRef = 2CACC38423C3AA660091B6BE /* Main.storyboard */; };
		2CACC38823C3AA680091B6BE /* Assets.xcassets in Resources */ = {isa = PBXBuildFile; fileRef = 2CACC38723C3AA680091B6BE /* Assets.xcassets */; };
		2CACC38B23C3AA680091B6BE /* LaunchScreen.storyboard in Resources */ = {isa = PBXBuildFile; fileRef = 2CACC38923C3AA680091B6BE /* LaunchScreen.storyboard */; };
		2CACC39B23C3B5F60091B6BE /* Titillium_Web in Resources */ = {isa = PBXBuildFile; fileRef = 2CACC39A23C3B5F60091B6BE /* Titillium_Web */; };
		2CACC39D23C3B7B70091B6BE /* Poppins in Resources */ = {isa = PBXBuildFile; fileRef = 2CACC39C23C3B7B70091B6BE /* Poppins */; };
		2CACC3A523C3D64F0091B6BE /* Play-Bold.ttf in Resources */ = {isa = PBXBuildFile; fileRef = 2CACC3A423C3D6250091B6BE /* Play-Bold.ttf */; };
		2CACC3A623C3D6530091B6BE /* Play-Regular.ttf in Resources */ = {isa = PBXBuildFile; fileRef = 2CACC3A323C3D6240091B6BE /* Play-Regular.ttf */; };
/* End PBXBuildFile section */

/* Begin PBXFileReference section */
		2C0BD3F423C3FE3B008D96B1 /* Caudex-Bold.ttf */ = {isa = PBXFileReference; lastKnownFileType = file; path = "Caudex-Bold.ttf"; sourceTree = "<group>"; };
		2C0BD3F523C3FE3C008D96B1 /* Caudex-Italic.ttf */ = {isa = PBXFileReference; lastKnownFileType = file; path = "Caudex-Italic.ttf"; sourceTree = "<group>"; };
		2C0BD3F623C3FE3C008D96B1 /* Caudex-Regular.ttf */ = {isa = PBXFileReference; lastKnownFileType = file; path = "Caudex-Regular.ttf"; sourceTree = "<group>"; };
		2C0BD3F723C3FE3C008D96B1 /* Caudex-BoldItalic.ttf */ = {isa = PBXFileReference; lastKnownFileType = file; path = "Caudex-BoldItalic.ttf"; sourceTree = "<group>"; };
		2CACC37B23C3AA660091B6BE /* Creams.app */ = {isa = PBXFileReference; explicitFileType = wrapper.application; includeInIndex = 0; path = Creams.app; sourceTree = BUILT_PRODUCTS_DIR; };
		2CACC37E23C3AA660091B6BE /* AppDelegate.swift */ = {isa = PBXFileReference; lastKnownFileType = sourcecode.swift; path = AppDelegate.swift; sourceTree = "<group>"; };
		2CACC38023C3AA660091B6BE /* SceneDelegate.swift */ = {isa = PBXFileReference; lastKnownFileType = sourcecode.swift; path = SceneDelegate.swift; sourceTree = "<group>"; };
		2CACC38523C3AA660091B6BE /* Base */ = {isa = PBXFileReference; lastKnownFileType = file.storyboard; name = Base; path = Base.lproj/Main.storyboard; sourceTree = "<group>"; };
		2CACC38723C3AA680091B6BE /* Assets.xcassets */ = {isa = PBXFileReference; lastKnownFileType = folder.assetcatalog; path = Assets.xcassets; sourceTree = "<group>"; };
		2CACC38A23C3AA680091B6BE /* Base */ = {isa = PBXFileReference; lastKnownFileType = file.storyboard; name = Base; path = Base.lproj/LaunchScreen.storyboard; sourceTree = "<group>"; };
		2CACC38C23C3AA680091B6BE /* Info.plist */ = {isa = PBXFileReference; lastKnownFileType = text.plist.xml; path = Info.plist; sourceTree = "<group>"; };
		2CACC39A23C3B5F60091B6BE /* Titillium_Web */ = {isa = PBXFileReference; lastKnownFileType = folder; path = Titillium_Web; sourceTree = "<group>"; };
		2CACC39C23C3B7B70091B6BE /* Poppins */ = {isa = PBXFileReference; lastKnownFileType = folder; path = Poppins; sourceTree = "<group>"; };
		2CACC3A023C3C1900091B6BE /* HexCodes.playground */ = {isa = PBXFileReference; lastKnownFileType = file.playground; path = HexCodes.playground; sourceTree = "<group>"; xcLanguageSpecificationIdentifier = xcode.lang.swift; };
		2CACC3A323C3D6240091B6BE /* Play-Regular.ttf */ = {isa = PBXFileReference; lastKnownFileType = file; path = "Play-Regular.ttf"; sourceTree = "<group>"; };
		2CACC3A423C3D6250091B6BE /* Play-Bold.ttf */ = {isa = PBXFileReference; lastKnownFileType = file; path = "Play-Bold.ttf"; sourceTree = "<group>"; };
/* End PBXFileReference section */

/* Begin PBXFrameworksBuildPhase section */
		2CACC37823C3AA660091B6BE /* Frameworks */ = {
			isa = PBXFrameworksBuildPhase;
			buildActionMask = 2147483647;
			files = (
			);
			runOnlyForDeploymentPostprocessing = 0;
		};
/* End PBXFrameworksBuildPhase section */

/* Begin PBXGroup section */
		2CACC37223C3AA660091B6BE = {
			isa = PBXGroup;
			children = (
				2CACC37D23C3AA660091B6BE /* Creams */,
				2CACC37C23C3AA660091B6BE /* Products */,
			);
			sourceTree = "<group>";
		};
		2CACC37C23C3AA660091B6BE /* Products */ = {
			isa = PBXGroup;
			children = (
				2CACC37B23C3AA660091B6BE /* Creams.app */,
			);
			name = Products;
			sourceTree = "<group>";
		};
		2CACC37D23C3AA660091B6BE /* Creams */ = {
			isa = PBXGroup;
			children = (
				2CACC39623C3AFB10091B6BE /* Models */,
				2CACC39523C3AF9F0091B6BE /* Views */,
				2CACC39223C3AF690091B6BE /* Controllers */,
				2CACC39423C3AF870091B6BE /* Resources */,
				2CACC38C23C3AA680091B6BE /* Info.plist */,
			);
			path = Creams;
			sourceTree = "<group>";
		};
		2CACC39223C3AF690091B6BE /* Controllers */ = {
			isa = PBXGroup;
			children = (
				2CACC39823C3AFD60091B6BE /* Model Controllers */,
				2CACC39723C3AFC70091B6BE /* View Controllers */,
			);
			path = Controllers;
			sourceTree = "<group>";
		};
		2CACC39423C3AF870091B6BE /* Resources */ = {
			isa = PBXGroup;
			children = (
				2CACC39923C3B55E0091B6BE /* Fonts */,
				2CACC37E23C3AA660091B6BE /* AppDelegate.swift */,
				2CACC38023C3AA660091B6BE /* SceneDelegate.swift */,
				2CACC38723C3AA680091B6BE /* Assets.xcassets */,
				2CACC3A023C3C1900091B6BE /* HexCodes.playground */,
			);
			path = Resources;
			sourceTree = "<group>";
		};
		2CACC39523C3AF9F0091B6BE /* Views */ = {
			isa = PBXGroup;
			children = (
				2CACC38423C3AA660091B6BE /* Main.storyboard */,
				2CACC38923C3AA680091B6BE /* LaunchScreen.storyboard */,
			);
			path = Views;
			sourceTree = "<group>";
		};
		2CACC39623C3AFB10091B6BE /* Models */ = {
			isa = PBXGroup;
			children = (
			);
			path = Models;
			sourceTree = "<group>";
		};
		2CACC39723C3AFC70091B6BE /* View Controllers */ = {
			isa = PBXGroup;
			children = (
			);
			path = "View Controllers";
			sourceTree = "<group>";
		};
		2CACC39823C3AFD60091B6BE /* Model Controllers */ = {
			isa = PBXGroup;
			children = (
			);
			path = "Model Controllers";
			sourceTree = "<group>";
		};
		2CACC39923C3B55E0091B6BE /* Fonts */ = {
			isa = PBXGroup;
			children = (
				2CACC3A323C3D6240091B6BE /* Play-Regular.ttf */,
				2CACC3A423C3D6250091B6BE /* Play-Bold.ttf */,
				2C0BD3F423C3FE3B008D96B1 /* Caudex-Bold.ttf */,
				2C0BD3F723C3FE3C008D96B1 /* Caudex-BoldItalic.ttf */,
				2C0BD3F523C3FE3C008D96B1 /* Caudex-Italic.ttf */,
				2C0BD3F623C3FE3C008D96B1 /* Caudex-Regular.ttf */,
				2CACC39C23C3B7B70091B6BE /* Poppins */,
				2CACC39A23C3B5F60091B6BE /* Titillium_Web */,
			);
			path = Fonts;
			sourceTree = "<group>";
		};
/* End PBXGroup section */

/* Begin PBXNativeTarget section */
		2CACC37A23C3AA660091B6BE /* Creams */ = {
			isa = PBXNativeTarget;
			buildConfigurationList = 2CACC38F23C3AA680091B6BE /* Build configuration list for PBXNativeTarget "Creams" */;
			buildPhases = (
				2CACC37723C3AA660091B6BE /* Sources */,
				2CACC37823C3AA660091B6BE /* Frameworks */,
				2CACC37923C3AA660091B6BE /* Resources */,
			);
			buildRules = (
			);
			dependencies = (
			);
			name = Creams;
			productName = Creams;
			productReference = 2CACC37B23C3AA660091B6BE /* Creams.app */;
			productType = "com.apple.product-type.application";
		};
/* End PBXNativeTarget section */

/* Begin PBXProject section */
		2CACC37323C3AA660091B6BE /* Project object */ = {
			isa = PBXProject;
			attributes = {
				LastSwiftUpdateCheck = 1130;
				LastUpgradeCheck = 1130;
				ORGANIZATIONNAME = "Tobi Kuyoro";
				TargetAttributes = {
					2CACC37A23C3AA660091B6BE = {
						CreatedOnToolsVersion = 11.3;
					};
				};
			};
			buildConfigurationList = 2CACC37623C3AA660091B6BE /* Build configuration list for PBXProject "Creams" */;
			compatibilityVersion = "Xcode 9.3";
			developmentRegion = en;
			hasScannedForEncodings = 0;
			knownRegions = (
				en,
				Base,
			);
			mainGroup = 2CACC37223C3AA660091B6BE;
			productRefGroup = 2CACC37C23C3AA660091B6BE /* Products */;
			projectDirPath = "";
			projectRoot = "";
			targets = (
				2CACC37A23C3AA660091B6BE /* Creams */,
			);
		};
/* End PBXProject section */

/* Begin PBXResourcesBuildPhase section */
		2CACC37923C3AA660091B6BE /* Resources */ = {
			isa = PBXResourcesBuildPhase;
			buildActionMask = 2147483647;
			files = (
				2CACC39D23C3B7B70091B6BE /* Poppins in Resources */,
				2C0BD3F923C3FE4D008D96B1 /* Caudex-BoldItalic.ttf in Resources */,
				2CACC38B23C3AA680091B6BE /* LaunchScreen.storyboard in Resources */,
				2C0BD3FB23C3FE54008D96B1 /* Caudex-Regular.ttf in Resources */,
				2CACC38823C3AA680091B6BE /* Assets.xcassets in Resources */,
				2C0BD3F823C3FE48008D96B1 /* Caudex-Bold.ttf in Resources */,
				2CACC3A523C3D64F0091B6BE /* Play-Bold.ttf in Resources */,
				2CACC38623C3AA660091B6BE /* Main.storyboard in Resources */,
				2CACC3A623C3D6530091B6BE /* Play-Regular.ttf in Resources */,
				2C0BD3FA23C3FE50008D96B1 /* Caudex-Italic.ttf in Resources */,
				2CACC39B23C3B5F60091B6BE /* Titillium_Web in Resources */,
			);
			runOnlyForDeploymentPostprocessing = 0;
		};
/* End PBXResourcesBuildPhase section */

/* Begin PBXSourcesBuildPhase section */
		2CACC37723C3AA660091B6BE /* Sources */ = {
			isa = PBXSourcesBuildPhase;
			buildActionMask = 2147483647;
			files = (
				2CACC37F23C3AA660091B6BE /* AppDelegate.swift in Sources */,
				2CACC38123C3AA660091B6BE /* SceneDelegate.swift in Sources */,
			);
			runOnlyForDeploymentPostprocessing = 0;
		};
/* End PBXSourcesBuildPhase section */

/* Begin PBXVariantGroup section */
		2CACC38423C3AA660091B6BE /* Main.storyboard */ = {
			isa = PBXVariantGroup;
			children = (
				2CACC38523C3AA660091B6BE /* Base */,
			);
			name = Main.storyboard;
			sourceTree = "<group>";
		};
		2CACC38923C3AA680091B6BE /* LaunchScreen.storyboard */ = {
			isa = PBXVariantGroup;
			children = (
				2CACC38A23C3AA680091B6BE /* Base */,
			);
			name = LaunchScreen.storyboard;
			sourceTree = "<group>";
		};
/* End PBXVariantGroup section */

/* Begin XCBuildConfiguration section */
		2CACC38D23C3AA680091B6BE /* Debug */ = {
			isa = XCBuildConfiguration;
			buildSettings = {
				ALWAYS_SEARCH_USER_PATHS = NO;
				CLANG_ANALYZER_NONNULL = YES;
				CLANG_ANALYZER_NUMBER_OBJECT_CONVERSION = YES_AGGRESSIVE;
				CLANG_CXX_LANGUAGE_STANDARD = "gnu++14";
				CLANG_CXX_LIBRARY = "libc++";
				CLANG_ENABLE_MODULES = YES;
				CLANG_ENABLE_OBJC_ARC = YES;
				CLANG_ENABLE_OBJC_WEAK = YES;
				CLANG_WARN_BLOCK_CAPTURE_AUTORELEASING = YES;
				CLANG_WARN_BOOL_CONVERSION = YES;
				CLANG_WARN_COMMA = YES;
				CLANG_WARN_CONSTANT_CONVERSION = YES;
				CLANG_WARN_DEPRECATED_OBJC_IMPLEMENTATIONS = YES;
				CLANG_WARN_DIRECT_OBJC_ISA_USAGE = YES_ERROR;
				CLANG_WARN_DOCUMENTATION_COMMENTS = YES;
				CLANG_WARN_EMPTY_BODY = YES;
				CLANG_WARN_ENUM_CONVERSION = YES;
				CLANG_WARN_INFINITE_RECURSION = YES;
				CLANG_WARN_INT_CONVERSION = YES;
				CLANG_WARN_NON_LITERAL_NULL_CONVERSION = YES;
				CLANG_WARN_OBJC_IMPLICIT_RETAIN_SELF = YES;
				CLANG_WARN_OBJC_LITERAL_CONVERSION = YES;
				CLANG_WARN_OBJC_ROOT_CLASS = YES_ERROR;
				CLANG_WARN_RANGE_LOOP_ANALYSIS = YES;
				CLANG_WARN_STRICT_PROTOTYPES = YES;
				CLANG_WARN_SUSPICIOUS_MOVE = YES;
				CLANG_WARN_UNGUARDED_AVAILABILITY = YES_AGGRESSIVE;
				CLANG_WARN_UNREACHABLE_CODE = YES;
				CLANG_WARN__DUPLICATE_METHOD_MATCH = YES;
				COPY_PHASE_STRIP = NO;
				DEBUG_INFORMATION_FORMAT = dwarf;
				ENABLE_STRICT_OBJC_MSGSEND = YES;
				ENABLE_TESTABILITY = YES;
				GCC_C_LANGUAGE_STANDARD = gnu11;
				GCC_DYNAMIC_NO_PIC = NO;
				GCC_NO_COMMON_BLOCKS = YES;
				GCC_OPTIMIZATION_LEVEL = 0;
				GCC_PREPROCESSOR_DEFINITIONS = (
					"DEBUG=1",
					"$(inherited)",
				);
				GCC_WARN_64_TO_32_BIT_CONVERSION = YES;
				GCC_WARN_ABOUT_RETURN_TYPE = YES_ERROR;
				GCC_WARN_UNDECLARED_SELECTOR = YES;
				GCC_WARN_UNINITIALIZED_AUTOS = YES_AGGRESSIVE;
				GCC_WARN_UNUSED_FUNCTION = YES;
				GCC_WARN_UNUSED_VARIABLE = YES;
				IPHONEOS_DEPLOYMENT_TARGET = 13.2;
				MTL_ENABLE_DEBUG_INFO = INCLUDE_SOURCE;
				MTL_FAST_MATH = YES;
				ONLY_ACTIVE_ARCH = YES;
				SDKROOT = iphoneos;
				SWIFT_ACTIVE_COMPILATION_CONDITIONS = DEBUG;
				SWIFT_OPTIMIZATION_LEVEL = "-Onone";
			};
			name = Debug;
		};
		2CACC38E23C3AA680091B6BE /* Release */ = {
			isa = XCBuildConfiguration;
			buildSettings = {
				ALWAYS_SEARCH_USER_PATHS = NO;
				CLANG_ANALYZER_NONNULL = YES;
				CLANG_ANALYZER_NUMBER_OBJECT_CONVERSION = YES_AGGRESSIVE;
				CLANG_CXX_LANGUAGE_STANDARD = "gnu++14";
				CLANG_CXX_LIBRARY = "libc++";
				CLANG_ENABLE_MODULES = YES;
				CLANG_ENABLE_OBJC_ARC = YES;
				CLANG_ENABLE_OBJC_WEAK = YES;
				CLANG_WARN_BLOCK_CAPTURE_AUTORELEASING = YES;
				CLANG_WARN_BOOL_CONVERSION = YES;
				CLANG_WARN_COMMA = YES;
				CLANG_WARN_CONSTANT_CONVERSION = YES;
				CLANG_WARN_DEPRECATED_OBJC_IMPLEMENTATIONS = YES;
				CLANG_WARN_DIRECT_OBJC_ISA_USAGE = YES_ERROR;
				CLANG_WARN_DOCUMENTATION_COMMENTS = YES;
				CLANG_WARN_EMPTY_BODY = YES;
				CLANG_WARN_ENUM_CONVERSION = YES;
				CLANG_WARN_INFINITE_RECURSION = YES;
				CLANG_WARN_INT_CONVERSION = YES;
				CLANG_WARN_NON_LITERAL_NULL_CONVERSION = YES;
				CLANG_WARN_OBJC_IMPLICIT_RETAIN_SELF = YES;
				CLANG_WARN_OBJC_LITERAL_CONVERSION = YES;
				CLANG_WARN_OBJC_ROOT_CLASS = YES_ERROR;
				CLANG_WARN_RANGE_LOOP_ANALYSIS = YES;
				CLANG_WARN_STRICT_PROTOTYPES = YES;
				CLANG_WARN_SUSPICIOUS_MOVE = YES;
				CLANG_WARN_UNGUARDED_AVAILABILITY = YES_AGGRESSIVE;
				CLANG_WARN_UNREACHABLE_CODE = YES;
				CLANG_WARN__DUPLICATE_METHOD_MATCH = YES;
				COPY_PHASE_STRIP = NO;
				DEBUG_INFORMATION_FORMAT = "dwarf-with-dsym";
				ENABLE_NS_ASSERTIONS = NO;
				ENABLE_STRICT_OBJC_MSGSEND = YES;
				GCC_C_LANGUAGE_STANDARD = gnu11;
				GCC_NO_COMMON_BLOCKS = YES;
				GCC_WARN_64_TO_32_BIT_CONVERSION = YES;
				GCC_WARN_ABOUT_RETURN_TYPE = YES_ERROR;
				GCC_WARN_UNDECLARED_SELECTOR = YES;
				GCC_WARN_UNINITIALIZED_AUTOS = YES_AGGRESSIVE;
				GCC_WARN_UNUSED_FUNCTION = YES;
				GCC_WARN_UNUSED_VARIABLE = YES;
				IPHONEOS_DEPLOYMENT_TARGET = 13.2;
				MTL_ENABLE_DEBUG_INFO = NO;
				MTL_FAST_MATH = YES;
				SDKROOT = iphoneos;
				SWIFT_COMPILATION_MODE = wholemodule;
				SWIFT_OPTIMIZATION_LEVEL = "-O";
				VALIDATE_PRODUCT = YES;
			};
			name = Release;
		};
		2CACC39023C3AA680091B6BE /* Debug */ = {
			isa = XCBuildConfiguration;
			buildSettings = {
				ASSETCATALOG_COMPILER_APPICON_NAME = AppIcon;
				CODE_SIGN_STYLE = Automatic;
				DEVELOPMENT_TEAM = W485VTCC9R;
				INFOPLIST_FILE = Creams/Info.plist;
				LD_RUNPATH_SEARCH_PATHS = (
					"$(inherited)",
					"@executable_path/Frameworks",
				);
				PRODUCT_BUNDLE_IDENTIFIER = com.tobikuyoro.Creams;
				PRODUCT_NAME = "$(TARGET_NAME)";
				SWIFT_VERSION = 5.0;
				TARGETED_DEVICE_FAMILY = "1,2";
			};
			name = Debug;
		};
		2CACC39123C3AA680091B6BE /* Release */ = {
			isa = XCBuildConfiguration;
			buildSettings = {
				ASSETCATALOG_COMPILER_APPICON_NAME = AppIcon;
				CODE_SIGN_STYLE = Automatic;
				DEVELOPMENT_TEAM = W485VTCC9R;
				INFOPLIST_FILE = Creams/Info.plist;
				LD_RUNPATH_SEARCH_PATHS = (
					"$(inherited)",
					"@executable_path/Frameworks",
				);
				PRODUCT_BUNDLE_IDENTIFIER = com.tobikuyoro.Creams;
				PRODUCT_NAME = "$(TARGET_NAME)";
				SWIFT_VERSION = 5.0;
				TARGETED_DEVICE_FAMILY = "1,2";
			};
			name = Release;
		};
/* End XCBuildConfiguration section */

/* Begin XCConfigurationList section */
		2CACC37623C3AA660091B6BE /* Build configuration list for PBXProject "Creams" */ = {
			isa = XCConfigurationList;
			buildConfigurations = (
				2CACC38D23C3AA680091B6BE /* Debug */,
				2CACC38E23C3AA680091B6BE /* Release */,
			);
			defaultConfigurationIsVisible = 0;
			defaultConfigurationName = Release;
		};
		2CACC38F23C3AA680091B6BE /* Build configuration list for PBXNativeTarget "Creams" */ = {
			isa = XCConfigurationList;
			buildConfigurations = (
				2CACC39023C3AA680091B6BE /* Debug */,
				2CACC39123C3AA680091B6BE /* Release */,
			);
			defaultConfigurationIsVisible = 0;
			defaultConfigurationName = Release;
		};
/* End XCConfigurationList section */
	};
	rootObject = 2CACC37323C3AA660091B6BE /* Project object */;
}
